
Microsoft Visual Studio Solution File, Format Version 11.00
# Visual Studio 2010
Project("{FAE04EC0-301F-11D3-BF4B-00C04F79EFBC}") = "TasaParDef", "TasaParDef.csproj", "{DEA95ADA-9F70-4E6C-A909-3D368856515F}"
EndProject
Global
	GlobalSection(SolutionConfigurationPlatforms) = preSolution
		Debug|Any CPU = Debug|Any CPU
		Release|Any CPU = Release|Any CPU
	EndGlobalSection
	GlobalSection(ProjectConfigurationPlatforms) = postSolution
		{DEA95ADA-9F70-4E6C-A909-3D368856515F}.Debug|Any CPU.ActiveCfg = Debug|Any CPU
		{DEA95ADA-9F70-4E6C-A909-3D368856515F}.Debug|Any CPU.Build.0 = Debug|Any CPU
		{DEA95ADA-9F70-4E6C-A909-3D368856515F}.Release|Any CPU.ActiveCfg = Release|Any CPU
		{DEA95ADA-9F70-4E6C-A909-3D368856515F}.Release|Any CPU.Build.0 = Release|Any CPU
	EndGlobalSection
	GlobalSection(SolutionProperties) = preSolution
		HideSolutionNode = FALSE
	EndGlobalSection
EndGlobal
